
Microsoft Visual Studio Solution File, Format Version 12.00
# Visual Studio Version 16
VisualStudioVersion = 16.0.31112.23
MinimumVisualStudioVersion = 10.0.40219.1
Project("{888888A0-9F3D-457C-B088-3A5042F75D52}") = "blog.test.github.io", "blog.test.github.io.pyproj", "{DE9F1DE1-4439-4AA4-A25F-C13735BBF781}"
EndProject
Global
	GlobalSection(SolutionConfigurationPlatforms) = preSolution
		Debug|Any CPU = Debug|Any CPU
		Release|Any CPU = Release|Any CPU
	EndGlobalSection
	GlobalSection(ProjectConfigurationPlatforms) = postSolution
		{DE9F1DE1-4439-4AA4-A25F-C13735BBF781}.Debug|Any CPU.ActiveCfg = Debug|Any CPU
		{DE9F1DE1-4439-4AA4-A25F-C13735BBF781}.Debug|Any CPU.Build.0 = Debug|Any CPU
		{DE9F1DE1-4439-4AA4-A25F-C13735BBF781}.Release|Any CPU.ActiveCfg = Release|Any CPU
		{DE9F1DE1-4439-4AA4-A25F-C13735BBF781}.Release|Any CPU.Build.0 = Release|Any CPU
	EndGlobalSection
	GlobalSection(SolutionProperties) = preSolution
		HideSolutionNode = FALSE
	EndGlobalSection
	GlobalSection(ExtensibilityGlobals) = postSolution
		SolutionGuid = {233571EA-33E9-46BC-A904-DFC3476A62FC}
	EndGlobalSection
EndGlobal
